
Microsoft Visual Studio Solution File, Format Version 12.00
# Visual Studio Version 16
VisualStudioVersion = 16.0.29102.190
MinimumVisualStudioVersion = 10.0.40219.1
Project("{FAE04EC0-301F-11D3-BF4B-00C04F79EFBC}") = "DocTranslate", "DocTranslate\DocTranslate.csproj", "{873B723D-5804-4DCC-B75B-DDCBE319978E}"
EndProject
Project("{2150E333-8FDC-42A3-9474-1A3956D46DE8}") = "NuGet", "NuGet", "{2B84A178-1598-4FFB-8D97-FA5E5393CF5C}"
	ProjectSection(SolutionItems) = preProject
		NewPlatform.Flexberry.DocTranslate.nuspec = NewPlatform.Flexberry.DocTranslate.nuspec
	EndProjectSection
EndProject
Project("{2150E333-8FDC-42A3-9474-1A3956D46DE8}") = "Docs", "Docs", "{09906E74-A468-4791-B9F0-B6274673C76A}"
	ProjectSection(SolutionItems) = preProject
		CHANGELOG.md = CHANGELOG.md
		readme.md = readme.md
	EndProjectSection
EndProject
Global
	GlobalSection(SolutionConfigurationPlatforms) = preSolution
		Debug|Any CPU = Debug|Any CPU
		Release|Any CPU = Release|Any CPU
	EndGlobalSection
	GlobalSection(ProjectConfigurationPlatforms) = postSolution
		{873B723D-5804-4DCC-B75B-DDCBE319978E}.Debug|Any CPU.ActiveCfg = Debug|Any CPU
		{873B723D-5804-4DCC-B75B-DDCBE319978E}.Debug|Any CPU.Build.0 = Debug|Any CPU
		{873B723D-5804-4DCC-B75B-DDCBE319978E}.Release|Any CPU.ActiveCfg = Release|Any CPU
		{873B723D-5804-4DCC-B75B-DDCBE319978E}.Release|Any CPU.Build.0 = Release|Any CPU
	EndGlobalSection
	GlobalSection(SolutionProperties) = preSolution
		HideSolutionNode = FALSE
	EndGlobalSection
	GlobalSection(ExtensibilityGlobals) = postSolution
		SolutionGuid = {3E86D7B5-0890-40D6-9C02-88172C59DACF}
	EndGlobalSection
EndGlobal
